// !$*UTF8*$!
{
	archiveVersion = 1;
	classes = {
	};
	objectVersion = 50;
	objects = {

/* Begin PBXBuildFile section */
		9BCE444921117FF0007069C1 /* AppDelegate.swift in Sources */ = {isa = PBXBuildFile; fileRef = 9BCE444821117FF0007069C1 /* AppDelegate.swift */; };
		9BCE444B21117FF0007069C1 /* ViewController.swift in Sources */ = {isa = PBXBuildFile; fileRef = 9BCE444A21117FF0007069C1 /* ViewController.swift */; };
		9BCE444E21117FF0007069C1 /* Main.storyboard in Resources */ = {isa = PBXBuildFile; fileRef = 9BCE444C21117FF0007069C1 /* Main.storyboard */; };
		9BCE445021118009007069C1 /* Assets.xcassets in Resources */ = {isa = PBXBuildFile; fileRef = 9BCE444F21118009007069C1 /* Assets.xcassets */; };
		9BCE445321118009007069C1 /* LaunchScreen.storyboard in Resources */ = {isa = PBXBuildFile; fileRef = 9BCE445121118009007069C1 /* LaunchScreen.storyboard */; };
		9BCE445C21118113007069C1 /* CollectionViewCell.swift in Sources */ = {isa = PBXBuildFile; fileRef = 9BCE445A21118113007069C1 /* CollectionViewCell.swift */; };
		9BCE445D21118113007069C1 /* CollectionViewCell.xib in Resources */ = {isa = PBXBuildFile; fileRef = 9BCE445B21118113007069C1 /* CollectionViewCell.xib */; };
		9BCE445F211187FE007069C1 /* UPCarouselFlowLayout.swift in Sources */ = {isa = PBXBuildFile; fileRef = 9BCE445E211187FE007069C1 /* UPCarouselFlowLayout.swift */; };
/* End PBXBuildFile section */

/* Begin PBXFileReference section */
		9BCE444521117FF0007069C1 /* CarouselColectionFlowLayoutSwift.app */ = {isa = PBXFileReference; explicitFileType = wrapper.application; includeInIndex = 0; path = CarouselColectionFlowLayoutSwift.app; sourceTree = BUILT_PRODUCTS_DIR; };
		9BCE444821117FF0007069C1 /* AppDelegate.swift */ = {isa = PBXFileReference; lastKnownFileType = sourcecode.swift; path = AppDelegate.swift; sourceTree = "<group>"; };
		9BCE444A21117FF0007069C1 /* ViewController.swift */ = {isa = PBXFileReference; lastKnownFileType = sourcecode.swift; path = ViewController.swift; sourceTree = "<group>"; };
		9BCE444D21117FF0007069C1 /* Base */ = {isa = PBXFileReference; lastKnownFileType = file.storyboard; name = Base; path = Base.lproj/Main.storyboard; sourceTree = "<group>"; };
		9BCE444F21118009007069C1 /* Assets.xcassets */ = {isa = PBXFileReference; lastKnownFileType = folder.assetcatalog; path = Assets.xcassets; sourceTree = "<group>"; };
		9BCE445221118009007069C1 /* Base */ = {isa = PBXFileReference; lastKnownFileType = file.storyboard; name = Base; path = Base.lproj/LaunchScreen.storyboard; sourceTree = "<group>"; };
		9BCE445421118009007069C1 /* Info.plist */ = {isa = PBXFileReference; lastKnownFileType = text.plist.xml; path = Info.plist; sourceTree = "<group>"; };
		9BCE445A21118113007069C1 /* CollectionViewCell.swift */ = {isa = PBXFileReference; lastKnownFileType = sourcecode.swift; path = CollectionViewCell.swift; sourceTree = "<group>"; };
		9BCE445B21118113007069C1 /* CollectionViewCell.xib */ = {isa = PBXFileReference; lastKnownFileType = file.xib; path = CollectionViewCell.xib; sourceTree = "<group>"; };
		9BCE445E211187FE007069C1 /* UPCarouselFlowLayout.swift */ = {isa = PBXFileReference; fileEncoding = 4; lastKnownFileType = sourcecode.swift; path = UPCarouselFlowLayout.swift; sourceTree = "<group>"; };
/* End PBXFileReference section */

/* Begin PBXFrameworksBuildPhase section */
		9BCE444221117FF0007069C1 /* Frameworks */ = {
			isa = PBXFrameworksBuildPhase;
			buildActionMask = 2147483647;
			files = (
			);
			runOnlyForDeploymentPostprocessing = 0;
		};
/* End PBXFrameworksBuildPhase section */

/* Begin PBXGroup section */
		9BCE443C21117FF0007069C1 = {
			isa = PBXGroup;
			children = (
				9BCE444721117FF0007069C1 /* CarouselColectionFlowLayoutSwift */,
				9BCE444621117FF0007069C1 /* Products */,
			);
			sourceTree = "<group>";
		};
		9BCE444621117FF0007069C1 /* Products */ = {
			isa = PBXGroup;
			children = (
				9BCE444521117FF0007069C1 /* CarouselColectionFlowLayoutSwift.app */,
			);
			name = Products;
			sourceTree = "<group>";
		};
		9BCE444721117FF0007069C1 /* CarouselColectionFlowLayoutSwift */ = {
			isa = PBXGroup;
			children = (
				9BCE444821117FF0007069C1 /* AppDelegate.swift */,
				9BCE445E211187FE007069C1 /* UPCarouselFlowLayout.swift */,
				9BCE444A21117FF0007069C1 /* ViewController.swift */,
				9BCE445A21118113007069C1 /* CollectionViewCell.swift */,
				9BCE445B21118113007069C1 /* CollectionViewCell.xib */,
				9BCE444C21117FF0007069C1 /* Main.storyboard */,
				9BCE444F21118009007069C1 /* Assets.xcassets */,
				9BCE445121118009007069C1 /* LaunchScreen.storyboard */,
				9BCE445421118009007069C1 /* Info.plist */,
			);
			path = CarouselColectionFlowLayoutSwift;
			sourceTree = "<group>";
		};
/* End PBXGroup section */

/* Begin PBXNativeTarget section */
		9BCE444421117FF0007069C1 /* CarouselColectionFlowLayoutSwift */ = {
			isa = PBXNativeTarget;
			buildConfigurationList = 9BCE445721118009007069C1 /* Build configuration list for PBXNativeTarget "CarouselColectionFlowLayoutSwift" */;
			buildPhases = (
				9BCE444121117FF0007069C1 /* Sources */,
				9BCE444221117FF0007069C1 /* Frameworks */,
				9BCE444321117FF0007069C1 /* Resources */,
			);
			buildRules = (
			);
			dependencies = (
			);
			name = CarouselColectionFlowLayoutSwift;
			productName = CarouselColectionFlowLayoutSwift;
			productReference = 9BCE444521117FF0007069C1 /* CarouselColectionFlowLayoutSwift.app */;
			productType = "com.apple.product-type.application";
		};
/* End PBXNativeTarget section */

/* Begin PBXProject section */
		9BCE443D21117FF0007069C1 /* Project object */ = {
			isa = PBXProject;
			attributes = {
				LastSwiftUpdateCheck = 0930;
				LastUpgradeCheck = 0930;
				ORGANIZATIONNAME = VNSOFTECH;
				TargetAttributes = {
					9BCE444421117FF0007069C1 = {
						CreatedOnToolsVersion = 9.3.1;
					};
				};
			};
			buildConfigurationList = 9BCE444021117FF0007069C1 /* Build configuration list for PBXProject "CarouselColectionFlowLayoutSwift" */;
			compatibilityVersion = "Xcode 9.3";
			developmentRegion = en;
			hasScannedForEncodings = 0;
			knownRegions = (
				en,
				Base,
			);
			mainGroup = 9BCE443C21117FF0007069C1;
			productRefGroup = 9BCE444621117FF0007069C1 /* Products */;
			projectDirPath = "";
			projectRoot = "";
			targets = (
				9BCE444421117FF0007069C1 /* CarouselColectionFlowLayoutSwift */,
			);
		};
/* End PBXProject section */

/* Begin PBXResourcesBuildPhase section */
		9BCE444321117FF0007069C1 /* Resources */ = {
			isa = PBXResourcesBuildPhase;
			buildActionMask = 2147483647;
			files = (
				9BCE445321118009007069C1 /* LaunchScreen.storyboard in Resources */,
				9BCE445021118009007069C1 /* Assets.xcassets in Resources */,
				9BCE445D21118113007069C1 /* CollectionViewCell.xib in Resources */,
				9BCE444E21117FF0007069C1 /* Main.storyboard in Resources */,
			);
			runOnlyForDeploymentPostprocessing = 0;
		};
/* End PBXResourcesBuildPhase section */

/* Begin PBXSourcesBuildPhase section */
		9BCE444121117FF0007069C1 /* Sources */ = {
			isa = PBXSourcesBuildPhase;
			buildActionMask = 2147483647;
			files = (
				9BCE444B21117FF0007069C1 /* ViewController.swift in Sources */,
				9BCE444921117FF0007069C1 /* AppDelegate.swift in Sources */,
				9BCE445F211187FE007069C1 /* UPCarouselFlowLayout.swift in Sources */,
				9BCE445C21118113007069C1 /* CollectionViewCell.swift in Sources */,
			);
			runOnlyForDeploymentPostprocessing = 0;
		};
/* End PBXSourcesBuildPhase section */

/* Begin PBXVariantGroup section */
		9BCE444C21117FF0007069C1 /* Main.storyboard */ = {
			isa = PBXVariantGroup;
			children = (
				9BCE444D21117FF0007069C1 /* Base */,
			);
			name = Main.storyboard;
			sourceTree = "<group>";
		};
		9BCE445121118009007069C1 /* LaunchScreen.storyboard */ = {
			isa = PBXVariantGroup;
			children = (
				9BCE445221118009007069C1 /* Base */,
			);
			name = LaunchScreen.storyboard;
			sourceTree = "<group>";
		};
/* End PBXVariantGroup section */

/* Begin XCBuildConfiguration section */
		9BCE445521118009007069C1 /* Debug */ = {
			isa = XCBuildConfiguration;
			buildSettings = {
				ALWAYS_SEARCH_USER_PATHS = NO;
				CLANG_ANALYZER_NONNULL = YES;
				CLANG_ANALYZER_NUMBER_OBJECT_CONVERSION = YES_AGGRESSIVE;
				CLANG_CXX_LANGUAGE_STANDARD = "gnu++14";
				CLANG_CXX_LIBRARY = "libc++";
				CLANG_ENABLE_MODULES = YES;
				CLANG_ENABLE_OBJC_ARC = YES;
				CLANG_ENABLE_OBJC_WEAK = YES;
				CLANG_WARN_BLOCK_CAPTURE_AUTORELEASING = YES;
				CLANG_WARN_BOOL_CONVERSION = YES;
				CLANG_WARN_COMMA = YES;
				CLANG_WARN_CONSTANT_CONVERSION = YES;
				CLANG_WARN_DEPRECATED_OBJC_IMPLEMENTATIONS = YES;
				CLANG_WARN_DIRECT_OBJC_ISA_USAGE = YES_ERROR;
				CLANG_WARN_DOCUMENTATION_COMMENTS = YES;
				CLANG_WARN_EMPTY_BODY = YES;
				CLANG_WARN_ENUM_CONVERSION = YES;
				CLANG_WARN_INFINITE_RECURSION = YES;
				CLANG_WARN_INT_CONVERSION = YES;
				CLANG_WARN_NON_LITERAL_NULL_CONVERSION = YES;
				CLANG_WARN_OBJC_IMPLICIT_RETAIN_SELF = YES;
				CLANG_WARN_OBJC_LITERAL_CONVERSION = YES;
				CLANG_WARN_OBJC_ROOT_CLASS = YES_ERROR;
				CLANG_WARN_RANGE_LOOP_ANALYSIS = YES;
				CLANG_WARN_STRICT_PROTOTYPES = YES;
				CLANG_WARN_SUSPICIOUS_MOVE = YES;
				CLANG_WARN_UNGUARDED_AVAILABILITY = YES_AGGRESSIVE;
				CLANG_WARN_UNREACHABLE_CODE = YES;
				CLANG_WARN__DUPLICATE_METHOD_MATCH = YES;
				CODE_SIGN_IDENTITY = "iPhone Developer";
				COPY_PHASE_STRIP = NO;
				DEBUG_INFORMATION_FORMAT = dwarf;
				ENABLE_STRICT_OBJC_MSGSEND = YES;
				ENABLE_TESTABILITY = YES;
				GCC_C_LANGUAGE_STANDARD = gnu11;
				GCC_DYNAMIC_NO_PIC = NO;
				GCC_NO_COMMON_BLOCKS = YES;
				GCC_OPTIMIZATION_LEVEL = 0;
				GCC_PREPROCESSOR_DEFINITIONS = (
					"DEBUG=1",
					"$(inherited)",
				);
				GCC_WARN_64_TO_32_BIT_CONVERSION = YES;
				GCC_WARN_ABOUT_RETURN_TYPE = YES_ERROR;
				GCC_WARN_UNDECLARED_SELECTOR = YES;
				GCC_WARN_UNINITIALIZED_AUTOS = YES_AGGRESSIVE;
				GCC_WARN_UNUSED_FUNCTION = YES;
				GCC_WARN_UNUSED_VARIABLE = YES;
				IPHONEOS_DEPLOYMENT_TARGET = 11.3;
				MTL_ENABLE_DEBUG_INFO = YES;
				ONLY_ACTIVE_ARCH = YES;
				SDKROOT = iphoneos;
				SWIFT_ACTIVE_COMPILATION_CONDITIONS = DEBUG;
				SWIFT_OPTIMIZATION_LEVEL = "-Onone";
			};
			name = Debug;
		};
		9BCE445621118009007069C1 /* Release */ = {
			isa = XCBuildConfiguration;
			buildSettings = {
				ALWAYS_SEARCH_USER_PATHS = NO;
				CLANG_ANALYZER_NONNULL = YES;
				CLANG_ANALYZER_NUMBER_OBJECT_CONVERSION = YES_AGGRESSIVE;
				CLANG_CXX_LANGUAGE_STANDARD = "gnu++14";
				CLANG_CXX_LIBRARY = "libc++";
				CLANG_ENABLE_MODULES = YES;
				CLANG_ENABLE_OBJC_ARC = YES;
				CLANG_ENABLE_OBJC_WEAK = YES;
				CLANG_WARN_BLOCK_CAPTURE_AUTORELEASING = YES;
				CLANG_WARN_BOOL_CONVERSION = YES;
				CLANG_WARN_COMMA = YES;
				CLANG_WARN_CONSTANT_CONVERSION = YES;
				CLANG_WARN_DEPRECATED_OBJC_IMPLEMENTATIONS = YES;
				CLANG_WARN_DIRECT_OBJC_ISA_USAGE = YES_ERROR;
				CLANG_WARN_DOCUMENTATION_COMMENTS = YES;
				CLANG_WARN_EMPTY_BODY = YES;
				CLANG_WARN_ENUM_CONVERSION = YES;
				CLANG_WARN_INFINITE_RECURSION = YES;
				CLANG_WARN_INT_CONVERSION = YES;
				CLANG_WARN_NON_LITERAL_NULL_CONVERSION = YES;
				CLANG_WARN_OBJC_IMPLICIT_RETAIN_SELF = YES;
				CLANG_WARN_OBJC_LITERAL_CONVERSION = YES;
				CLANG_WARN_OBJC_ROOT_CLASS = YES_ERROR;
				CLANG_WARN_RANGE_LOOP_ANALYSIS = YES;
				CLANG_WARN_STRICT_PROTOTYPES = YES;
				CLANG_WARN_SUSPICIOUS_MOVE = YES;
				CLANG_WARN_UNGUARDED_AVAILABILITY = YES_AGGRESSIVE;
				CLANG_WARN_UNREACHABLE_CODE = YES;
				CLANG_WARN__DUPLICATE_METHOD_MATCH = YES;
				CODE_SIGN_IDENTITY = "iPhone Developer";
				COPY_PHASE_STRIP = NO;
				DEBUG_INFORMATION_FORMAT = "dwarf-with-dsym";
				ENABLE_NS_ASSERTIONS = NO;
				ENABLE_STRICT_OBJC_MSGSEND = YES;
				GCC_C_LANGUAGE_STANDARD = gnu11;
				GCC_NO_COMMON_BLOCKS = YES;
				GCC_WARN_64_TO_32_BIT_CONVERSION = YES;
				GCC_WARN_ABOUT_RETURN_TYPE = YES_ERROR;
				GCC_WARN_UNDECLARED_SELECTOR = YES;
				GCC_WARN_UNINITIALIZED_AUTOS = YES_AGGRESSIVE;
				GCC_WARN_UNUSED_FUNCTION = YES;
				GCC_WARN_UNUSED_VARIABLE = YES;
				IPHONEOS_DEPLOYMENT_TARGET = 11.3;
				MTL_ENABLE_DEBUG_INFO = NO;
				SDKROOT = iphoneos;
				SWIFT_COMPILATION_MODE = wholemodule;
				SWIFT_OPTIMIZATION_LEVEL = "-O";
				VALIDATE_PRODUCT = YES;
			};
			name = Release;
		};
		9BCE445821118009007069C1 /* Debug */ = {
			isa = XCBuildConfiguration;
			buildSettings = {
				ASSETCATALOG_COMPILER_APPICON_NAME = AppIcon;
				CODE_SIGN_STYLE = Automatic;
				INFOPLIST_FILE = CarouselColectionFlowLayoutSwift/Info.plist;
				LD_RUNPATH_SEARCH_PATHS = (
					"$(inherited)",
					"@executable_path/Frameworks",
				);
				PRODUCT_BUNDLE_IDENTIFIER = Com.VNSoftech.Raj.CarouselColectionFlowLayoutSwift;
				PRODUCT_NAME = "$(TARGET_NAME)";
				SWIFT_VERSION = 4.0;
				TARGETED_DEVICE_FAMILY = "1,2";
			};
			name = Debug;
		};
		9BCE445921118009007069C1 /* Release */ = {
			isa = XCBuildConfiguration;
			buildSettings = {
				ASSETCATALOG_COMPILER_APPICON_NAME = AppIcon;
				CODE_SIGN_STYLE = Automatic;
				INFOPLIST_FILE = CarouselColectionFlowLayoutSwift/Info.plist;
				LD_RUNPATH_SEARCH_PATHS = (
					"$(inherited)",
					"@executable_path/Frameworks",
				);
				PRODUCT_BUNDLE_IDENTIFIER = Com.VNSoftech.Raj.CarouselColectionFlowLayoutSwift;
				PRODUCT_NAME = "$(TARGET_NAME)";
				SWIFT_VERSION = 4.0;
				TARGETED_DEVICE_FAMILY = "1,2";
			};
			name = Release;
		};
/* End XCBuildConfiguration section */

/* Begin XCConfigurationList section */
		9BCE444021117FF0007069C1 /* Build configuration list for PBXProject "CarouselColectionFlowLayoutSwift" */ = {
			isa = XCConfigurationList;
			buildConfigurations = (
				9BCE445521118009007069C1 /* Debug */,
				9BCE445621118009007069C1 /* Release */,
			);
			defaultConfigurationIsVisible = 0;
			defaultConfigurationName = Release;
		};
		9BCE445721118009007069C1 /* Build configuration list for PBXNativeTarget "CarouselColectionFlowLayoutSwift" */ = {
			isa = XCConfigurationList;
			buildConfigurations = (
				9BCE445821118009007069C1 /* Debug */,
				9BCE445921118009007069C1 /* Release */,
			);
			defaultConfigurationIsVisible = 0;
			defaultConfigurationName = Release;
		};
/* End XCConfigurationList section */
	};
	rootObject = 9BCE443D21117FF0007069C1 /* Project object */;
}
